
Microsoft Visual Studio Solution File, Format Version 12.00
# Visual Studio Version 16
VisualStudioVersion = 16.0.31313.79
MinimumVisualStudioVersion = 10.0.40219.1
Project("{FAE04EC0-301F-11D3-BF4B-00C04F79EFBC}") = "ProductCrud.Android", "ProductCrud.Android\ProductCrud.Android.csproj", "{B48F555D-3AC0-40C9-9B06-9AF72FAB78FA}"
EndProject
Project("{FAE04EC0-301F-11D3-BF4B-00C04F79EFBC}") = "ProductCrud.iOS", "ProductCrud.iOS\ProductCrud.iOS.csproj", "{D96023A2-E150-49BE-A8D1-B7C37267C2F5}"
EndProject
Project("{FAE04EC0-301F-11D3-BF4B-00C04F79EFBC}") = "ProductCrud", "ProductCrud\ProductCrud.csproj", "{FED0E584-A3D8-4AC5-BAA8-449AF88D1A84}"
EndProject
Global
	GlobalSection(SolutionConfigurationPlatforms) = preSolution
		Debug|Any CPU = Debug|Any CPU
		Debug|iPhone = Debug|iPhone
		Debug|iPhoneSimulator = Debug|iPhoneSimulator
		Release|Any CPU = Release|Any CPU
		Release|iPhone = Release|iPhone
		Release|iPhoneSimulator = Release|iPhoneSimulator
	EndGlobalSection
	GlobalSection(ProjectConfigurationPlatforms) = postSolution
		{B48F555D-3AC0-40C9-9B06-9AF72FAB78FA}.Debug|Any CPU.ActiveCfg = Debug|Any CPU
		{B48F555D-3AC0-40C9-9B06-9AF72FAB78FA}.Debug|Any CPU.Build.0 = Debug|Any CPU
		{B48F555D-3AC0-40C9-9B06-9AF72FAB78FA}.Debug|Any CPU.Deploy.0 = Debug|Any CPU
		{B48F555D-3AC0-40C9-9B06-9AF72FAB78FA}.Debug|iPhone.ActiveCfg = Debug|Any CPU
		{B48F555D-3AC0-40C9-9B06-9AF72FAB78FA}.Debug|iPhone.Build.0 = Debug|Any CPU
		{B48F555D-3AC0-40C9-9B06-9AF72FAB78FA}.Debug|iPhone.Deploy.0 = Debug|Any CPU
		{B48F555D-3AC0-40C9-9B06-9AF72FAB78FA}.Debug|iPhoneSimulator.ActiveCfg = Debug|Any CPU
		{B48F555D-3AC0-40C9-9B06-9AF72FAB78FA}.Debug|iPhoneSimulator.Build.0 = Debug|Any CPU
		{B48F555D-3AC0-40C9-9B06-9AF72FAB78FA}.Debug|iPhoneSimulator.Deploy.0 = Debug|Any CPU
		{B48F555D-3AC0-40C9-9B06-9AF72FAB78FA}.Release|Any CPU.ActiveCfg = Release|Any CPU
		{B48F555D-3AC0-40C9-9B06-9AF72FAB78FA}.Release|Any CPU.Build.0 = Release|Any CPU
		{B48F555D-3AC0-40C9-9B06-9AF72FAB78FA}.Release|Any CPU.Deploy.0 = Release|Any CPU
		{B48F555D-3AC0-40C9-9B06-9AF72FAB78FA}.Release|iPhone.ActiveCfg = Release|Any CPU
		{B48F555D-3AC0-40C9-9B06-9AF72FAB78FA}.Release|iPhone.Build.0 = Release|Any CPU
		{B48F555D-3AC0-40C9-9B06-9AF72FAB78FA}.Release|iPhone.Deploy.0 = Release|Any CPU
		{B48F555D-3AC0-40C9-9B06-9AF72FAB78FA}.Release|iPhoneSimulator.ActiveCfg = Release|Any CPU
		{B48F555D-3AC0-40C9-9B06-9AF72FAB78FA}.Release|iPhoneSimulator.Build.0 = Release|Any CPU
		{B48F555D-3AC0-40C9-9B06-9AF72FAB78FA}.Release|iPhoneSimulator.Deploy.0 = Release|Any CPU
		{D96023A2-E150-49BE-A8D1-B7C37267C2F5}.Debug|Any CPU.ActiveCfg = Debug|iPhone
		{D96023A2-E150-49BE-A8D1-B7C37267C2F5}.Debug|Any CPU.Build.0 = Debug|iPhone
		{D96023A2-E150-49BE-A8D1-B7C37267C2F5}.Debug|Any CPU.Deploy.0 = Debug|iPhone
		{D96023A2-E150-49BE-A8D1-B7C37267C2F5}.Debug|iPhone.ActiveCfg = Debug|iPhone
		{D96023A2-E150-49BE-A8D1-B7C37267C2F5}.Debug|iPhone.Build.0 = Debug|iPhone
		{D96023A2-E150-49BE-A8D1-B7C37267C2F5}.Debug|iPhone.Deploy.0 = Debug|iPhone
		{D96023A2-E150-49BE-A8D1-B7C37267C2F5}.Debug|iPhoneSimulator.ActiveCfg = Debug|iPhoneSimulator
		{D96023A2-E150-49BE-A8D1-B7C37267C2F5}.Debug|iPhoneSimulator.Build.0 = Debug|iPhoneSimulator
		{D96023A2-E150-49BE-A8D1-B7C37267C2F5}.Debug|iPhoneSimulator.Deploy.0 = Debug|iPhoneSimulator
		{D96023A2-E150-49BE-A8D1-B7C37267C2F5}.Release|Any CPU.ActiveCfg = Release|iPhoneSimulator
		{D96023A2-E150-49BE-A8D1-B7C37267C2F5}.Release|Any CPU.Build.0 = Release|iPhoneSimulator
		{D96023A2-E150-49BE-A8D1-B7C37267C2F5}.Release|Any CPU.Deploy.0 = Release|iPhoneSimulator
		{D96023A2-E150-49BE-A8D1-B7C37267C2F5}.Release|iPhone.ActiveCfg = Release|iPhone
		{D96023A2-E150-49BE-A8D1-B7C37267C2F5}.Release|iPhone.Build.0 = Release|iPhone
		{D96023A2-E150-49BE-A8D1-B7C37267C2F5}.Release|iPhone.Deploy.0 = Release|iPhone
		{D96023A2-E150-49BE-A8D1-B7C37267C2F5}.Release|iPhoneSimulator.ActiveCfg = Release|iPhoneSimulator
		{D96023A2-E150-49BE-A8D1-B7C37267C2F5}.Release|iPhoneSimulator.Build.0 = Release|iPhoneSimulator
		{D96023A2-E150-49BE-A8D1-B7C37267C2F5}.Release|iPhoneSimulator.Deploy.0 = Release|iPhoneSimulator
		{FED0E584-A3D8-4AC5-BAA8-449AF88D1A84}.Debug|Any CPU.ActiveCfg = Debug|Any CPU
		{FED0E584-A3D8-4AC5-BAA8-449AF88D1A84}.Debug|Any CPU.Build.0 = Debug|Any CPU
		{FED0E584-A3D8-4AC5-BAA8-449AF88D1A84}.Debug|Any CPU.Deploy.0 = Debug|Any CPU
		{FED0E584-A3D8-4AC5-BAA8-449AF88D1A84}.Debug|iPhone.ActiveCfg = Debug|Any CPU
		{FED0E584-A3D8-4AC5-BAA8-449AF88D1A84}.Debug|iPhone.Build.0 = Debug|Any CPU
		{FED0E584-A3D8-4AC5-BAA8-449AF88D1A84}.Debug|iPhone.Deploy.0 = Debug|Any CPU
		{FED0E584-A3D8-4AC5-BAA8-449AF88D1A84}.Debug|iPhoneSimulator.ActiveCfg = Debug|Any CPU
		{FED0E584-A3D8-4AC5-BAA8-449AF88D1A84}.Debug|iPhoneSimulator.Build.0 = Debug|Any CPU
		{FED0E584-A3D8-4AC5-BAA8-449AF88D1A84}.Debug|iPhoneSimulator.Deploy.0 = Debug|Any CPU
		{FED0E584-A3D8-4AC5-BAA8-449AF88D1A84}.Release|Any CPU.ActiveCfg = Release|Any CPU
		{FED0E584-A3D8-4AC5-BAA8-449AF88D1A84}.Release|Any CPU.Build.0 = Release|Any CPU
		{FED0E584-A3D8-4AC5-BAA8-449AF88D1A84}.Release|Any CPU.Deploy.0 = Release|Any CPU
		{FED0E584-A3D8-4AC5-BAA8-449AF88D1A84}.Release|iPhone.ActiveCfg = Release|Any CPU
		{FED0E584-A3D8-4AC5-BAA8-449AF88D1A84}.Release|iPhone.Build.0 = Release|Any CPU
		{FED0E584-A3D8-4AC5-BAA8-449AF88D1A84}.Release|iPhone.Deploy.0 = Release|Any CPU
		{FED0E584-A3D8-4AC5-BAA8-449AF88D1A84}.Release|iPhoneSimulator.ActiveCfg = Release|Any CPU
		{FED0E584-A3D8-4AC5-BAA8-449AF88D1A84}.Release|iPhoneSimulator.Build.0 = Release|Any CPU
		{FED0E584-A3D8-4AC5-BAA8-449AF88D1A84}.Release|iPhoneSimulator.Deploy.0 = Release|Any CPU
	EndGlobalSection
	GlobalSection(SolutionProperties) = preSolution
		HideSolutionNode = FALSE
	EndGlobalSection
	GlobalSection(ExtensibilityGlobals) = postSolution
		SolutionGuid = {D89F9F41-A38B-49EE-BD55-F3577A66ED90}
	EndGlobalSection
EndGlobal
